{
    "name": "fruity_editor_physic_2d",
    "version": "0.0.0",
    "lockfileVersion": 2,
    "requires": true,
    "packages": {
        "": {
            "name": "fruity_editor_physic_2d",
            "version": "0.0.0",
            "dependencies": {
                "fruity_game_engine": "file:../fruity_game_engine",
                "fruity_native_bundle": "file:../fruity_native_bundle"
            }
        },
        "../fruity_game_engine": {
            "version": "0.0.0",
            "dependencies": {
                "fruity_native_bundle": "file:../fruity_native_bundle"
            }
        },
        "../fruity_graphic": {
            "version": "0.0.0",
            "extraneous": true,
            "dependencies": {
                "fruity_game_engine": "file:../fruity_game_engine",
                "fruity_native_bundle": "file:../fruity_native_bundle"
            }
        },
        "../fruity_native_bundle": {
            "version": "0.0.0",
            "license": "MIT"
        },
        "node_modules/fruity_game_engine": {
            "resolved": "../fruity_game_engine",
            "link": true
        },
        "node_modules/fruity_native_bundle": {
            "resolved": "../fruity_native_bundle",
            "link": true
        }
    },
    "dependencies": {
        "fruity_game_engine": {
            "version": "file:../fruity_game_engine",
            "requires": {
                "fruity_native_bundle": "file:../fruity_native_bundle"
            }
        },
        "fruity_native_bundle": {
            "version": "file:../fruity_native_bundle"
        }
    }
}
